{
    "_readme": [
        "This file locks the dependencies of your project to a known state",
        "Read more about it at https://getcomposer.org/doc/01-basic-usage.md#installing-dependencies",
        "This file is @generated automatically"
    ],
    "content-hash": "f651221e1bf0b9f7c020f07d914bc434",
    "packages": [
        {
            "name": "fzaninotto/faker",
            "version": "v1.8.0",
            "source": {
                "type": "git",
                "url": "https://github.com/fzaninotto/Faker.git",
                "reference": "f72816b43e74063c8b10357394b6bba8cb1c10de"
            },
            "dist": {
                "type": "zip",
                "url": "https://api.github.com/repos/fzaninotto/Faker/zipball/f72816b43e74063c8b10357394b6bba8cb1c10de",
                "reference": "f72816b43e74063c8b10357394b6bba8cb1c10de",
                "shasum": ""
            },
            "require": {
                "php": "^5.3.3 || ^7.0"
            },
            "require-dev": {
                "ext-intl": "*",
                "phpunit/phpunit": "^4.8.35 || ^5.7",
                "squizlabs/php_codesniffer": "^1.5"
            },
            "type": "library",
            "extra": {
                "branch-alias": {
                    "dev-master": "1.8-dev"
                }
            },
            "autoload": {
                "psr-4": {
                    "Faker\\": "src/Faker/"
                }
            },
            "notification-url": "https://packagist.org/downloads/",
            "license": [
                "MIT"
            ],
            "authors": [
                {
                    "name": "François Zaninotto"
                }
            ],
            "description": "Faker is a PHP library that generates fake data for you.",
            "keywords": [
                "data",
                "faker",
                "fixtures"
            ],
            "time": "2018-07-12T10:23:15+00:00"
        },
        {
            "name": "hollodotme/fast-cgi-client",
            "version": "v2.7.2",
            "source": {
                "type": "git",
                "url": "https://github.com/hollodotme/fast-cgi-client.git",
                "reference": "785608e89059f6fd490e6df626703a28f48c5adb"
            },
            "dist": {
                "type": "zip",
                "url": "https://api.github.com/repos/hollodotme/fast-cgi-client/zipball/785608e89059f6fd490e6df626703a28f48c5adb",
                "reference": "785608e89059f6fd490e6df626703a28f48c5adb",
                "shasum": ""
            },
            "require": {
                "php": ">=7.1"
            },
            "require-dev": {
                "tm/tooly-composer-script": "^1.0"
            },
            "bin": [
                "bin/fcgiget"
            ],
            "type": "library",
            "extra": {
                "tools": {
                    "phpunit7": {
                        "url": "https://phar.phpunit.de/phpunit-7.phar",
                        "replace": true,
                        "only-dev": true
                    },
                    "phpunit8": {
                        "url": "https://phar.phpunit.de/phpunit-8.phar",
                        "replace": true,
                        "only-dev": true
                    }
                }
            },
            "autoload": {
                "psr-4": {
                    "hollodotme\\FastCGI\\": "src/"
                }
            },
            "notification-url": "https://packagist.org/downloads/",
            "license": [
                "MIT"
            ],
            "authors": [
                {
                    "name": "Holger Woltersdorf",
                    "email": "hw@hollo.me"
                }
            ],
            "description": "A PHP fast CGI client to send requests (a)synchronously to PHP-FPM.",
            "keywords": [
                "Socket",
                "async",
                "fastcgi",
                "php-fpm"
            ],
            "time": "2019-05-30T22:57:49+00:00"
        }
    ],
    "packages-dev": [],
    "aliases": [],
    "minimum-stability": "stable",
    "stability-flags": [],
    "prefer-stable": false,
    "prefer-lowest": false,
    "platform": {
        "php": "^7.2",
        "ext-redis": "*"
    },
    "platform-dev": []
}
